github.com/Masterminds/semver/v3 v3.1.0 h1:Y2lUDsFKVRSYGojLJ1yLxSXdMmMYTYls0rCvoqmMUQk=
github.com/Masterminds/semver/v3 v3.1.0/go.mod h1:VPu/7SZ7ePZ3QOrcuXROw5FAcLl4a0cBrbBpGY/8hQs=
github.com/gosimple/slug v1.9.0 h1:r5vDcYrFz9BmfIAMC829un9hq7hKM4cHUrsv36LbEqs=
github.com/gosimple/slug v1.9.0/go.mod h1:AMZ+sOVe65uByN3kgEyf9WEBKBCSS+dJjMX9x4vDJbg=
github.com/jamiemansfield/go-modpacksch v0.2.0 h1:IeLoLsQo0BtkJ29hK/Uya0R4dd1sAaiXzonWsmolu/k=
github.com/jamiemansfield/go-modpacksch v0.2.0/go.mod h1:hkgnGDTmTHCbWC+LhcbBCVZWuaUxBy+rAHexeH2NMaI=
github.com/rainycape/unidecode v0.0.0-20150907023854-cb7f23ec59be h1:ta7tUOvsPHVHGom5hKW5VXNc2xZIkfCKP8iaqOyYtUQ=
github.com/rainycape/unidecode v0.0.0-20150907023854-cb7f23ec59be/go.mod h1:MIDFMn7db1kT65GmV94GzpX9Qdi7N/pQlwb+AN8wh+Q=
